
Microsoft Visual Studio Solution File, Format Version 12.00
# Visual Studio Version 17
VisualStudioVersion = 17.2.32317.152
MinimumVisualStudioVersion = 10.0.40219.1
Project("{FAE04EC0-301F-11D3-BF4B-00C04F79EFBC}") = "mapping-module", "mapping-module\mapping-module.csproj", "{781B104A-123E-4B6C-B3B5-D107AC942670}"
EndProject
Project("{FAE04EC0-301F-11D3-BF4B-00C04F79EFBC}") = "component-mapper-tests", "component-mapper-tests\component-mapper-tests.csproj", "{D1EBEF51-B868-4C43-BBBC-DFA456E00FF2}"
EndProject
Project("{FAE04EC0-301F-11D3-BF4B-00C04F79EFBC}") = "component-mapper", "component-mapper\component-mapper.csproj", "{F3722A43-9517-4301-B3FA-B10EEE9F253F}"
EndProject
Global
	GlobalSection(SolutionConfigurationPlatforms) = preSolution
		Debug|Any CPU = Debug|Any CPU
		Release|Any CPU = Release|Any CPU
	EndGlobalSection
	GlobalSection(ProjectConfigurationPlatforms) = postSolution
		{781B104A-123E-4B6C-B3B5-D107AC942670}.Debug|Any CPU.ActiveCfg = Debug|Any CPU
		{781B104A-123E-4B6C-B3B5-D107AC942670}.Debug|Any CPU.Build.0 = Debug|Any CPU
		{781B104A-123E-4B6C-B3B5-D107AC942670}.Release|Any CPU.ActiveCfg = Release|Any CPU
		{781B104A-123E-4B6C-B3B5-D107AC942670}.Release|Any CPU.Build.0 = Release|Any CPU
		{D1EBEF51-B868-4C43-BBBC-DFA456E00FF2}.Debug|Any CPU.ActiveCfg = Debug|Any CPU
		{D1EBEF51-B868-4C43-BBBC-DFA456E00FF2}.Debug|Any CPU.Build.0 = Debug|Any CPU
		{D1EBEF51-B868-4C43-BBBC-DFA456E00FF2}.Release|Any CPU.ActiveCfg = Release|Any CPU
		{D1EBEF51-B868-4C43-BBBC-DFA456E00FF2}.Release|Any CPU.Build.0 = Release|Any CPU
		{F3722A43-9517-4301-B3FA-B10EEE9F253F}.Debug|Any CPU.ActiveCfg = Debug|Any CPU
		{F3722A43-9517-4301-B3FA-B10EEE9F253F}.Debug|Any CPU.Build.0 = Debug|Any CPU
		{F3722A43-9517-4301-B3FA-B10EEE9F253F}.Release|Any CPU.ActiveCfg = Release|Any CPU
		{F3722A43-9517-4301-B3FA-B10EEE9F253F}.Release|Any CPU.Build.0 = Release|Any CPU
	EndGlobalSection
	GlobalSection(SolutionProperties) = preSolution
		HideSolutionNode = FALSE
	EndGlobalSection
	GlobalSection(ExtensibilityGlobals) = postSolution
		SolutionGuid = {3E5B12D2-A629-44DA-A433-467CB59C3702}
	EndGlobalSection
EndGlobal
